PODS:
  - Adyen/Card (3.8.5):
    - Adyen/Core
    - Adyen3DS2 (= 2.2.1)
  - Adyen/Core (3.8.5)
  - Adyen/DropIn (3.8.5):
    - Adyen/Card
    - Adyen/Core
  - Adyen3DS2 (2.2.1)
  - Flutter (1.0.0)
  - flutter_adyen (3.2.0):
    - Adyen/Card (~> 3.8.0)
    - Adyen/Core (~> 3.8.0)
    - Adyen/DropIn (~> 3.8.0)
    - Flutter

DEPENDENCIES:
  - Flutter (from `Flutter`)
  - flutter_adyen (from `.symlinks/plugins/flutter_adyen/ios`)

SPEC REPOS:
  trunk:
    - Adyen
    - Adyen3DS2

EXTERNAL SOURCES:
  Flutter:
    :path: Flutter
  flutter_adyen:
    :path: ".symlinks/plugins/flutter_adyen/ios"

SPEC CHECKSUMS:
  Adyen: 8fd03b7d3de0e301237089a7fd2d864ca02af270
  Adyen3DS2: d99e5dea8524fc860751804dd760f6bad032de01
  Flutter: 434fef37c0980e73bb6479ef766c45957d4b510c
  flutter_adyen: 9055e8ecbd9f2975d8a755c22ed17350015e1ec2

PODFILE CHECKSUM: aafe91acc616949ddb318b77800a7f51bffa2a4c

COCOAPODS: 1.10.1
